
Microsoft Visual Studio Solution File, Format Version 12.00
# Visual Studio 15
VisualStudioVersion = 15.0.26403.7
MinimumVisualStudioVersion = 10.0.40219.1
Project("{FAE04EC0-301F-11D3-BF4B-00C04F79EFBC}") = "JustSeat", "JustSeat\JustSeat.csproj", "{828492B2-42C8-4468-9056-2286E6E3BA72}"
EndProject
Project("{FAE04EC0-301F-11D3-BF4B-00C04F79EFBC}") = "JustSeat.Models", "JustSeat.Models\JustSeat.Models.csproj", "{3ABFB0A1-4D28-444A-921E-28686DA18CD6}"
EndProject
Project("{FAE04EC0-301F-11D3-BF4B-00C04F79EFBC}") = "JustSeat.Serialization", "JustSeat.Serialization\JustSeat.Serialization.csproj", "{7A3377CB-C604-4047-B1BA-A2F484DBB4C4}"
EndProject
Project("{FAE04EC0-301F-11D3-BF4B-00C04F79EFBC}") = "JustSeat.JSONSerialization", "JustSeat.JSONSerialization\JustSeat.JSONSerialization.csproj", "{1E4D979A-A2F2-493C-AF12-55BFE6D1B0D2}"
EndProject
Project("{FAE04EC0-301F-11D3-BF4B-00C04F79EFBC}") = "JustSeat.Tests.JSONSerialization", "JustSeat.Tests.JSONSerialization\JustSeat.Tests.JSONSerialization.csproj", "{AAFABEBD-958B-427F-9984-A06803851F6B}"
EndProject
Global
	GlobalSection(SolutionConfigurationPlatforms) = preSolution
		Debug|Any CPU = Debug|Any CPU
		Release|Any CPU = Release|Any CPU
	EndGlobalSection
	GlobalSection(ProjectConfigurationPlatforms) = postSolution
		{828492B2-42C8-4468-9056-2286E6E3BA72}.Debug|Any CPU.ActiveCfg = Debug|Any CPU
		{828492B2-42C8-4468-9056-2286E6E3BA72}.Debug|Any CPU.Build.0 = Debug|Any CPU
		{828492B2-42C8-4468-9056-2286E6E3BA72}.Release|Any CPU.ActiveCfg = Release|Any CPU
		{828492B2-42C8-4468-9056-2286E6E3BA72}.Release|Any CPU.Build.0 = Release|Any CPU
		{3ABFB0A1-4D28-444A-921E-28686DA18CD6}.Debug|Any CPU.ActiveCfg = Debug|Any CPU
		{3ABFB0A1-4D28-444A-921E-28686DA18CD6}.Debug|Any CPU.Build.0 = Debug|Any CPU
		{3ABFB0A1-4D28-444A-921E-28686DA18CD6}.Release|Any CPU.ActiveCfg = Release|Any CPU
		{3ABFB0A1-4D28-444A-921E-28686DA18CD6}.Release|Any CPU.Build.0 = Release|Any CPU
		{7A3377CB-C604-4047-B1BA-A2F484DBB4C4}.Debug|Any CPU.ActiveCfg = Debug|Any CPU
		{7A3377CB-C604-4047-B1BA-A2F484DBB4C4}.Debug|Any CPU.Build.0 = Debug|Any CPU
		{7A3377CB-C604-4047-B1BA-A2F484DBB4C4}.Release|Any CPU.ActiveCfg = Release|Any CPU
		{7A3377CB-C604-4047-B1BA-A2F484DBB4C4}.Release|Any CPU.Build.0 = Release|Any CPU
		{1E4D979A-A2F2-493C-AF12-55BFE6D1B0D2}.Debug|Any CPU.ActiveCfg = Debug|Any CPU
		{1E4D979A-A2F2-493C-AF12-55BFE6D1B0D2}.Debug|Any CPU.Build.0 = Debug|Any CPU
		{1E4D979A-A2F2-493C-AF12-55BFE6D1B0D2}.Release|Any CPU.ActiveCfg = Release|Any CPU
		{1E4D979A-A2F2-493C-AF12-55BFE6D1B0D2}.Release|Any CPU.Build.0 = Release|Any CPU
		{AAFABEBD-958B-427F-9984-A06803851F6B}.Debug|Any CPU.ActiveCfg = Debug|Any CPU
		{AAFABEBD-958B-427F-9984-A06803851F6B}.Debug|Any CPU.Build.0 = Debug|Any CPU
		{AAFABEBD-958B-427F-9984-A06803851F6B}.Release|Any CPU.ActiveCfg = Release|Any CPU
		{AAFABEBD-958B-427F-9984-A06803851F6B}.Release|Any CPU.Build.0 = Release|Any CPU
	EndGlobalSection
	GlobalSection(SolutionProperties) = preSolution
		HideSolutionNode = FALSE
	EndGlobalSection
EndGlobal
